// !$*UTF8*$!
{
	archiveVersion = 1;
	classes = {
	};
	objectVersion = 50;
	objects = {

/* Begin PBXBuildFile section */
		C52A633D22F71EB900A0F7BA /* DependentMap.framework in Frameworks */ = {isa = PBXBuildFile; fileRef = C52A633322F71EB900A0F7BA /* DependentMap.framework */; };
		C52A634422F71EB900A0F7BA /* DependentMap.h in Headers */ = {isa = PBXBuildFile; fileRef = C52A633622F71EB900A0F7BA /* DependentMap.h */; settings = {ATTRIBUTES = (Public, ); }; };
		C52A635722F71F7800A0F7BA /* AppDelegate.swift in Sources */ = {isa = PBXBuildFile; fileRef = C52A635622F71F7800A0F7BA /* AppDelegate.swift */; };
		C52A635922F71F7800A0F7BA /* ViewController.swift in Sources */ = {isa = PBXBuildFile; fileRef = C52A635822F71F7800A0F7BA /* ViewController.swift */; };
		C52A635C22F71F7800A0F7BA /* Main.storyboard in Resources */ = {isa = PBXBuildFile; fileRef = C52A635A22F71F7800A0F7BA /* Main.storyboard */; };
		C52A635E22F71F7900A0F7BA /* Assets.xcassets in Resources */ = {isa = PBXBuildFile; fileRef = C52A635D22F71F7900A0F7BA /* Assets.xcassets */; };
		C52A636122F71F7900A0F7BA /* LaunchScreen.storyboard in Resources */ = {isa = PBXBuildFile; fileRef = C52A635F22F71F7900A0F7BA /* LaunchScreen.storyboard */; };
		C58204A823008D9600380F23 /* DependentMap.framework in Frameworks */ = {isa = PBXBuildFile; fileRef = C52A633322F71EB900A0F7BA /* DependentMap.framework */; };
		C58204AE23008DF600380F23 /* DependentMapSemantics.swift in Sources */ = {isa = PBXBuildFile; fileRef = C58204AB23008DF600380F23 /* DependentMapSemantics.swift */; };
		C58204AF23008DF600380F23 /* DependentDictionary.swift in Sources */ = {isa = PBXBuildFile; fileRef = C58204AC23008DF600380F23 /* DependentDictionary.swift */; };
		C58204B023008DF600380F23 /* DependentMapKey.swift in Sources */ = {isa = PBXBuildFile; fileRef = C58204AD23008DF600380F23 /* DependentMapKey.swift */; };
		C58204B223008E0E00380F23 /* DependentDictionaryTests.swift in Sources */ = {isa = PBXBuildFile; fileRef = C58204B123008E0E00380F23 /* DependentDictionaryTests.swift */; };
		C58204B423008E1F00380F23 /* UserDefaults+DependentMapSemantics.swift in Sources */ = {isa = PBXBuildFile; fileRef = C58204B323008E1F00380F23 /* UserDefaults+DependentMapSemantics.swift */; };
		C58204B623008E2800380F23 /* UserDefaultsTests.swift in Sources */ = {isa = PBXBuildFile; fileRef = C58204B523008E2800380F23 /* UserDefaultsTests.swift */; };
/* End PBXBuildFile section */

/* Begin PBXContainerItemProxy section */
		C52A633E22F71EB900A0F7BA /* PBXContainerItemProxy */ = {
			isa = PBXContainerItemProxy;
			containerPortal = C52A632A22F71EB900A0F7BA /* Project object */;
			proxyType = 1;
			remoteGlobalIDString = C52A633222F71EB900A0F7BA;
			remoteInfo = DependentMap;
		};
/* End PBXContainerItemProxy section */

/* Begin PBXFileReference section */
		C52A633322F71EB900A0F7BA /* DependentMap.framework */ = {isa = PBXFileReference; explicitFileType = wrapper.framework; includeInIndex = 0; path = DependentMap.framework; sourceTree = BUILT_PRODUCTS_DIR; };
		C52A633622F71EB900A0F7BA /* DependentMap.h */ = {isa = PBXFileReference; lastKnownFileType = sourcecode.c.h; path = DependentMap.h; sourceTree = "<group>"; };
		C52A633722F71EB900A0F7BA /* Info.plist */ = {isa = PBXFileReference; lastKnownFileType = text.plist.xml; path = Info.plist; sourceTree = "<group>"; };
		C52A633C22F71EB900A0F7BA /* DependentMapTests.xctest */ = {isa = PBXFileReference; explicitFileType = wrapper.cfbundle; includeInIndex = 0; path = DependentMapTests.xctest; sourceTree = BUILT_PRODUCTS_DIR; };
		C52A634322F71EB900A0F7BA /* Info.plist */ = {isa = PBXFileReference; lastKnownFileType = text.plist.xml; path = Info.plist; sourceTree = "<group>"; };
		C52A635422F71F7800A0F7BA /* DependentMapExample.app */ = {isa = PBXFileReference; explicitFileType = wrapper.application; includeInIndex = 0; path = DependentMapExample.app; sourceTree = BUILT_PRODUCTS_DIR; };
		C52A635622F71F7800A0F7BA /* AppDelegate.swift */ = {isa = PBXFileReference; lastKnownFileType = sourcecode.swift; path = AppDelegate.swift; sourceTree = "<group>"; };
		C52A635822F71F7800A0F7BA /* ViewController.swift */ = {isa = PBXFileReference; lastKnownFileType = sourcecode.swift; path = ViewController.swift; sourceTree = "<group>"; };
		C52A635B22F71F7800A0F7BA /* Base */ = {isa = PBXFileReference; lastKnownFileType = file.storyboard; name = Base; path = Base.lproj/Main.storyboard; sourceTree = "<group>"; };
		C52A635D22F71F7900A0F7BA /* Assets.xcassets */ = {isa = PBXFileReference; lastKnownFileType = folder.assetcatalog; path = Assets.xcassets; sourceTree = "<group>"; };
		C52A636022F71F7900A0F7BA /* Base */ = {isa = PBXFileReference; lastKnownFileType = file.storyboard; name = Base; path = Base.lproj/LaunchScreen.storyboard; sourceTree = "<group>"; };
		C52A636222F71F7900A0F7BA /* Info.plist */ = {isa = PBXFileReference; lastKnownFileType = text.plist.xml; path = Info.plist; sourceTree = "<group>"; };
		C58204AB23008DF600380F23 /* DependentMapSemantics.swift */ = {isa = PBXFileReference; fileEncoding = 4; lastKnownFileType = sourcecode.swift; path = DependentMapSemantics.swift; sourceTree = "<group>"; };
		C58204AC23008DF600380F23 /* DependentDictionary.swift */ = {isa = PBXFileReference; fileEncoding = 4; lastKnownFileType = sourcecode.swift; path = DependentDictionary.swift; sourceTree = "<group>"; };
		C58204AD23008DF600380F23 /* DependentMapKey.swift */ = {isa = PBXFileReference; fileEncoding = 4; lastKnownFileType = sourcecode.swift; path = DependentMapKey.swift; sourceTree = "<group>"; };
		C58204B123008E0E00380F23 /* DependentDictionaryTests.swift */ = {isa = PBXFileReference; fileEncoding = 4; lastKnownFileType = sourcecode.swift; path = DependentDictionaryTests.swift; sourceTree = "<group>"; };
		C58204B323008E1F00380F23 /* UserDefaults+DependentMapSemantics.swift */ = {isa = PBXFileReference; fileEncoding = 4; lastKnownFileType = sourcecode.swift; path = "UserDefaults+DependentMapSemantics.swift"; sourceTree = "<group>"; };
		C58204B523008E2800380F23 /* UserDefaultsTests.swift */ = {isa = PBXFileReference; fileEncoding = 4; lastKnownFileType = sourcecode.swift; path = UserDefaultsTests.swift; sourceTree = "<group>"; };
/* End PBXFileReference section */

/* Begin PBXFrameworksBuildPhase section */
		C52A633022F71EB900A0F7BA /* Frameworks */ = {
			isa = PBXFrameworksBuildPhase;
			buildActionMask = 2147483647;
			files = (
			);
			runOnlyForDeploymentPostprocessing = 0;
		};
		C52A633922F71EB900A0F7BA /* Frameworks */ = {
			isa = PBXFrameworksBuildPhase;
			buildActionMask = 2147483647;
			files = (
				C52A633D22F71EB900A0F7BA /* DependentMap.framework in Frameworks */,
			);
			runOnlyForDeploymentPostprocessing = 0;
		};
		C52A635122F71F7800A0F7BA /* Frameworks */ = {
			isa = PBXFrameworksBuildPhase;
			buildActionMask = 2147483647;
			files = (
				C58204A823008D9600380F23 /* DependentMap.framework in Frameworks */,
			);
			runOnlyForDeploymentPostprocessing = 0;
		};
/* End PBXFrameworksBuildPhase section */

/* Begin PBXGroup section */
		C52A632922F71EB900A0F7BA = {
			isa = PBXGroup;
			children = (
				C52A634E22F71F3800A0F7BA /* Sources */,
				C52A634F22F71F4200A0F7BA /* Tests */,
				C52A636622F71F7E00A0F7BA /* Examples */,
				C52A633422F71EB900A0F7BA /* Products */,
				C58204A723008D9600380F23 /* Frameworks */,
			);
			sourceTree = "<group>";
		};
		C52A633422F71EB900A0F7BA /* Products */ = {
			isa = PBXGroup;
			children = (
				C52A633322F71EB900A0F7BA /* DependentMap.framework */,
				C52A633C22F71EB900A0F7BA /* DependentMapTests.xctest */,
				C52A635422F71F7800A0F7BA /* DependentMapExample.app */,
			);
			name = Products;
			sourceTree = "<group>";
		};
		C52A633522F71EB900A0F7BA /* DependentMap */ = {
			isa = PBXGroup;
			children = (
				C58204AA23008DAC00380F23 /* Extensions */,
				C58204A923008DA600380F23 /* Types */,
				C52A633622F71EB900A0F7BA /* DependentMap.h */,
				C52A633722F71EB900A0F7BA /* Info.plist */,
			);
			path = DependentMap;
			sourceTree = "<group>";
		};
		C52A634022F71EB900A0F7BA /* DependentMapTests */ = {
			isa = PBXGroup;
			children = (
				C58204B123008E0E00380F23 /* DependentDictionaryTests.swift */,
				C58204B523008E2800380F23 /* UserDefaultsTests.swift */,
				C52A634322F71EB900A0F7BA /* Info.plist */,
			);
			path = DependentMapTests;
			sourceTree = "<group>";
		};
		C52A634E22F71F3800A0F7BA /* Sources */ = {
			isa = PBXGroup;
			children = (
				C52A633522F71EB900A0F7BA /* DependentMap */,
			);
			path = Sources;
			sourceTree = "<group>";
		};
		C52A634F22F71F4200A0F7BA /* Tests */ = {
			isa = PBXGroup;
			children = (
				C52A634022F71EB900A0F7BA /* DependentMapTests */,
			);
			path = Tests;
			sourceTree = "<group>";
		};
		C52A635522F71F7800A0F7BA /* DependentMapExample */ = {
			isa = PBXGroup;
			children = (
				C52A635622F71F7800A0F7BA /* AppDelegate.swift */,
				C52A635822F71F7800A0F7BA /* ViewController.swift */,
				C52A635A22F71F7800A0F7BA /* Main.storyboard */,
				C52A635D22F71F7900A0F7BA /* Assets.xcassets */,
				C52A635F22F71F7900A0F7BA /* LaunchScreen.storyboard */,
				C52A636222F71F7900A0F7BA /* Info.plist */,
			);
			path = DependentMapExample;
			sourceTree = "<group>";
		};
		C52A636622F71F7E00A0F7BA /* Examples */ = {
			isa = PBXGroup;
			children = (
				C52A635522F71F7800A0F7BA /* DependentMapExample */,
			);
			path = Examples;
			sourceTree = "<group>";
		};
		C58204A723008D9600380F23 /* Frameworks */ = {
			isa = PBXGroup;
			children = (
			);
			name = Frameworks;
			sourceTree = "<group>";
		};
		C58204A923008DA600380F23 /* Types */ = {
			isa = PBXGroup;
			children = (
				C58204AC23008DF600380F23 /* DependentDictionary.swift */,
				C58204AD23008DF600380F23 /* DependentMapKey.swift */,
				C58204AB23008DF600380F23 /* DependentMapSemantics.swift */,
			);
			path = Types;
			sourceTree = "<group>";
		};
		C58204AA23008DAC00380F23 /* Extensions */ = {
			isa = PBXGroup;
			children = (
				C58204B323008E1F00380F23 /* UserDefaults+DependentMapSemantics.swift */,
			);
			path = Extensions;
			sourceTree = "<group>";
		};
/* End PBXGroup section */

/* Begin PBXHeadersBuildPhase section */
		C52A632E22F71EB900A0F7BA /* Headers */ = {
			isa = PBXHeadersBuildPhase;
			buildActionMask = 2147483647;
			files = (
				C52A634422F71EB900A0F7BA /* DependentMap.h in Headers */,
			);
			runOnlyForDeploymentPostprocessing = 0;
		};
/* End PBXHeadersBuildPhase section */

/* Begin PBXNativeTarget section */
		C52A633222F71EB900A0F7BA /* DependentMap */ = {
			isa = PBXNativeTarget;
			buildConfigurationList = C52A634722F71EB900A0F7BA /* Build configuration list for PBXNativeTarget "DependentMap" */;
			buildPhases = (
				C52A632E22F71EB900A0F7BA /* Headers */,
				C52A632F22F71EB900A0F7BA /* Sources */,
				C52A633022F71EB900A0F7BA /* Frameworks */,
				C52A633122F71EB900A0F7BA /* Resources */,
			);
			buildRules = (
			);
			dependencies = (
			);
			name = DependentMap;
			productName = DependentMap;
			productReference = C52A633322F71EB900A0F7BA /* DependentMap.framework */;
			productType = "com.apple.product-type.framework";
		};
		C52A633B22F71EB900A0F7BA /* DependentMapTests */ = {
			isa = PBXNativeTarget;
			buildConfigurationList = C52A634A22F71EB900A0F7BA /* Build configuration list for PBXNativeTarget "DependentMapTests" */;
			buildPhases = (
				C52A633822F71EB900A0F7BA /* Sources */,
				C52A633922F71EB900A0F7BA /* Frameworks */,
				C52A633A22F71EB900A0F7BA /* Resources */,
			);
			buildRules = (
			);
			dependencies = (
				C52A633F22F71EB900A0F7BA /* PBXTargetDependency */,
			);
			name = DependentMapTests;
			productName = DependentMapTests;
			productReference = C52A633C22F71EB900A0F7BA /* DependentMapTests.xctest */;
			productType = "com.apple.product-type.bundle.unit-test";
		};
		C52A635322F71F7800A0F7BA /* DependentMapExample */ = {
			isa = PBXNativeTarget;
			buildConfigurationList = C52A636322F71F7900A0F7BA /* Build configuration list for PBXNativeTarget "DependentMapExample" */;
			buildPhases = (
				C52A635022F71F7800A0F7BA /* Sources */,
				C52A635122F71F7800A0F7BA /* Frameworks */,
				C52A635222F71F7800A0F7BA /* Resources */,
			);
			buildRules = (
			);
			dependencies = (
			);
			name = DependentMapExample;
			productName = DependentMapExample;
			productReference = C52A635422F71F7800A0F7BA /* DependentMapExample.app */;
			productType = "com.apple.product-type.application";
		};
/* End PBXNativeTarget section */

/* Begin PBXProject section */
		C52A632A22F71EB900A0F7BA /* Project object */ = {
			isa = PBXProject;
			attributes = {
				LastSwiftUpdateCheck = 1020;
				LastUpgradeCheck = 1020;
				ORGANIZATIONNAME = "Anodized Software, Inc.";
				TargetAttributes = {
					C52A633222F71EB900A0F7BA = {
						CreatedOnToolsVersion = 10.2.1;
						LastSwiftMigration = 1020;
					};
					C52A633B22F71EB900A0F7BA = {
						CreatedOnToolsVersion = 10.2.1;
					};
					C52A635322F71F7800A0F7BA = {
						CreatedOnToolsVersion = 10.2.1;
					};
				};
			};
			buildConfigurationList = C52A632D22F71EB900A0F7BA /* Build configuration list for PBXProject "DependentMap" */;
			compatibilityVersion = "Xcode 9.3";
			developmentRegion = en;
			hasScannedForEncodings = 0;
			knownRegions = (
				en,
				Base,
			);
			mainGroup = C52A632922F71EB900A0F7BA;
			productRefGroup = C52A633422F71EB900A0F7BA /* Products */;
			projectDirPath = "";
			projectRoot = "";
			targets = (
				C52A633222F71EB900A0F7BA /* DependentMap */,
				C52A633B22F71EB900A0F7BA /* DependentMapTests */,
				C52A635322F71F7800A0F7BA /* DependentMapExample */,
			);
		};
/* End PBXProject section */

/* Begin PBXResourcesBuildPhase section */
		C52A633122F71EB900A0F7BA /* Resources */ = {
			isa = PBXResourcesBuildPhase;
			buildActionMask = 2147483647;
			files = (
			);
			runOnlyForDeploymentPostprocessing = 0;
		};
		C52A633A22F71EB900A0F7BA /* Resources */ = {
			isa = PBXResourcesBuildPhase;
			buildActionMask = 2147483647;
			files = (
			);
			runOnlyForDeploymentPostprocessing = 0;
		};
		C52A635222F71F7800A0F7BA /* Resources */ = {
			isa = PBXResourcesBuildPhase;
			buildActionMask = 2147483647;
			files = (
				C52A636122F71F7900A0F7BA /* LaunchScreen.storyboard in Resources */,
				C52A635E22F71F7900A0F7BA /* Assets.xcassets in Resources */,
				C52A635C22F71F7800A0F7BA /* Main.storyboard in Resources */,
			);
			runOnlyForDeploymentPostprocessing = 0;
		};
/* End PBXResourcesBuildPhase section */

/* Begin PBXSourcesBuildPhase section */
		C52A632F22F71EB900A0F7BA /* Sources */ = {
			isa = PBXSourcesBuildPhase;
			buildActionMask = 2147483647;
			files = (
				C58204AE23008DF600380F23 /* DependentMapSemantics.swift in Sources */,
				C58204B423008E1F00380F23 /* UserDefaults+DependentMapSemantics.swift in Sources */,
				C58204B023008DF600380F23 /* DependentMapKey.swift in Sources */,
				C58204AF23008DF600380F23 /* DependentDictionary.swift in Sources */,
			);
			runOnlyForDeploymentPostprocessing = 0;
		};
		C52A633822F71EB900A0F7BA /* Sources */ = {
			isa = PBXSourcesBuildPhase;
			buildActionMask = 2147483647;
			files = (
				C58204B623008E2800380F23 /* UserDefaultsTests.swift in Sources */,
				C58204B223008E0E00380F23 /* DependentDictionaryTests.swift in Sources */,
			);
			runOnlyForDeploymentPostprocessing = 0;
		};
		C52A635022F71F7800A0F7BA /* Sources */ = {
			isa = PBXSourcesBuildPhase;
			buildActionMask = 2147483647;
			files = (
				C52A635922F71F7800A0F7BA /* ViewController.swift in Sources */,
				C52A635722F71F7800A0F7BA /* AppDelegate.swift in Sources */,
			);
			runOnlyForDeploymentPostprocessing = 0;
		};
/* End PBXSourcesBuildPhase section */

/* Begin PBXTargetDependency section */
		C52A633F22F71EB900A0F7BA /* PBXTargetDependency */ = {
			isa = PBXTargetDependency;
			target = C52A633222F71EB900A0F7BA /* DependentMap */;
			targetProxy = C52A633E22F71EB900A0F7BA /* PBXContainerItemProxy */;
		};
/* End PBXTargetDependency section */

/* Begin PBXVariantGroup section */
		C52A635A22F71F7800A0F7BA /* Main.storyboard */ = {
			isa = PBXVariantGroup;
			children = (
				C52A635B22F71F7800A0F7BA /* Base */,
			);
			name = Main.storyboard;
			sourceTree = "<group>";
		};
		C52A635F22F71F7900A0F7BA /* LaunchScreen.storyboard */ = {
			isa = PBXVariantGroup;
			children = (
				C52A636022F71F7900A0F7BA /* Base */,
			);
			name = LaunchScreen.storyboard;
			sourceTree = "<group>";
		};
/* End PBXVariantGroup section */

/* Begin XCBuildConfiguration section */
		C52A634522F71EB900A0F7BA /* Debug */ = {
			isa = XCBuildConfiguration;
			buildSettings = {
				ALWAYS_SEARCH_USER_PATHS = NO;
				CLANG_ANALYZER_NONNULL = YES;
				CLANG_ANALYZER_NUMBER_OBJECT_CONVERSION = YES_AGGRESSIVE;
				CLANG_CXX_LANGUAGE_STANDARD = "gnu++14";
				CLANG_CXX_LIBRARY = "libc++";
				CLANG_ENABLE_MODULES = YES;
				CLANG_ENABLE_OBJC_ARC = YES;
				CLANG_ENABLE_OBJC_WEAK = YES;
				CLANG_WARN_BLOCK_CAPTURE_AUTORELEASING = YES;
				CLANG_WARN_BOOL_CONVERSION = YES;
				CLANG_WARN_COMMA = YES;
				CLANG_WARN_CONSTANT_CONVERSION = YES;
				CLANG_WARN_DEPRECATED_OBJC_IMPLEMENTATIONS = YES;
				CLANG_WARN_DIRECT_OBJC_ISA_USAGE = YES_ERROR;
				CLANG_WARN_DOCUMENTATION_COMMENTS = YES;
				CLANG_WARN_EMPTY_BODY = YES;
				CLANG_WARN_ENUM_CONVERSION = YES;
				CLANG_WARN_INFINITE_RECURSION = YES;
				CLANG_WARN_INT_CONVERSION = YES;
				CLANG_WARN_NON_LITERAL_NULL_CONVERSION = YES;
				CLANG_WARN_OBJC_IMPLICIT_RETAIN_SELF = YES;
				CLANG_WARN_OBJC_LITERAL_CONVERSION = YES;
				CLANG_WARN_OBJC_ROOT_CLASS = YES_ERROR;
				CLANG_WARN_RANGE_LOOP_ANALYSIS = YES;
				CLANG_WARN_STRICT_PROTOTYPES = YES;
				CLANG_WARN_SUSPICIOUS_MOVE = YES;
				CLANG_WARN_UNGUARDED_AVAILABILITY = YES_AGGRESSIVE;
				CLANG_WARN_UNREACHABLE_CODE = YES;
				CLANG_WARN__DUPLICATE_METHOD_MATCH = YES;
				CODE_SIGN_IDENTITY = "iPhone Developer";
				COPY_PHASE_STRIP = NO;
				CURRENT_PROJECT_VERSION = 1;
				DEBUG_INFORMATION_FORMAT = dwarf;
				ENABLE_STRICT_OBJC_MSGSEND = YES;
				ENABLE_TESTABILITY = YES;
				GCC_C_LANGUAGE_STANDARD = gnu11;
				GCC_DYNAMIC_NO_PIC = NO;
				GCC_NO_COMMON_BLOCKS = YES;
				GCC_OPTIMIZATION_LEVEL = 0;
				GCC_PREPROCESSOR_DEFINITIONS = (
					"DEBUG=1",
					"$(inherited)",
				);
				GCC_WARN_64_TO_32_BIT_CONVERSION = YES;
				GCC_WARN_ABOUT_RETURN_TYPE = YES_ERROR;
				GCC_WARN_UNDECLARED_SELECTOR = YES;
				GCC_WARN_UNINITIALIZED_AUTOS = YES_AGGRESSIVE;
				GCC_WARN_UNUSED_FUNCTION = YES;
				GCC_WARN_UNUSED_VARIABLE = YES;
				IPHONEOS_DEPLOYMENT_TARGET = 12.2;
				MTL_ENABLE_DEBUG_INFO = INCLUDE_SOURCE;
				MTL_FAST_MATH = YES;
				ONLY_ACTIVE_ARCH = YES;
				SDKROOT = iphoneos;
				SWIFT_ACTIVE_COMPILATION_CONDITIONS = DEBUG;
				SWIFT_OPTIMIZATION_LEVEL = "-Onone";
				VERSIONING_SYSTEM = "apple-generic";
				VERSION_INFO_PREFIX = "";
			};
			name = Debug;
		};
		C52A634622F71EB900A0F7BA /* Release */ = {
			isa = XCBuildConfiguration;
			buildSettings = {
				ALWAYS_SEARCH_USER_PATHS = NO;
				CLANG_ANALYZER_NONNULL = YES;
				CLANG_ANALYZER_NUMBER_OBJECT_CONVERSION = YES_AGGRESSIVE;
				CLANG_CXX_LANGUAGE_STANDARD = "gnu++14";
				CLANG_CXX_LIBRARY = "libc++";
				CLANG_ENABLE_MODULES = YES;
				CLANG_ENABLE_OBJC_ARC = YES;
				CLANG_ENABLE_OBJC_WEAK = YES;
				CLANG_WARN_BLOCK_CAPTURE_AUTORELEASING = YES;
				CLANG_WARN_BOOL_CONVERSION = YES;
				CLANG_WARN_COMMA = YES;
				CLANG_WARN_CONSTANT_CONVERSION = YES;
				CLANG_WARN_DEPRECATED_OBJC_IMPLEMENTATIONS = YES;
				CLANG_WARN_DIRECT_OBJC_ISA_USAGE = YES_ERROR;
				CLANG_WARN_DOCUMENTATION_COMMENTS = YES;
				CLANG_WARN_EMPTY_BODY = YES;
				CLANG_WARN_ENUM_CONVERSION = YES;
				CLANG_WARN_INFINITE_RECURSION = YES;
				CLANG_WARN_INT_CONVERSION = YES;
				CLANG_WARN_NON_LITERAL_NULL_CONVERSION = YES;
				CLANG_WARN_OBJC_IMPLICIT_RETAIN_SELF = YES;
				CLANG_WARN_OBJC_LITERAL_CONVERSION = YES;
				CLANG_WARN_OBJC_ROOT_CLASS = YES_ERROR;
				CLANG_WARN_RANGE_LOOP_ANALYSIS = YES;
				CLANG_WARN_STRICT_PROTOTYPES = YES;
				CLANG_WARN_SUSPICIOUS_MOVE = YES;
				CLANG_WARN_UNGUARDED_AVAILABILITY = YES_AGGRESSIVE;
				CLANG_WARN_UNREACHABLE_CODE = YES;
				CLANG_WARN__DUPLICATE_METHOD_MATCH = YES;
				CODE_SIGN_IDENTITY = "iPhone Developer";
				COPY_PHASE_STRIP = NO;
				CURRENT_PROJECT_VERSION = 1;
				DEBUG_INFORMATION_FORMAT = "dwarf-with-dsym";
				ENABLE_NS_ASSERTIONS = NO;
				ENABLE_STRICT_OBJC_MSGSEND = YES;
				GCC_C_LANGUAGE_STANDARD = gnu11;
				GCC_NO_COMMON_BLOCKS = YES;
				GCC_WARN_64_TO_32_BIT_CONVERSION = YES;
				GCC_WARN_ABOUT_RETURN_TYPE = YES_ERROR;
				GCC_WARN_UNDECLARED_SELECTOR = YES;
				GCC_WARN_UNINITIALIZED_AUTOS = YES_AGGRESSIVE;
				GCC_WARN_UNUSED_FUNCTION = YES;
				GCC_WARN_UNUSED_VARIABLE = YES;
				IPHONEOS_DEPLOYMENT_TARGET = 12.2;
				MTL_ENABLE_DEBUG_INFO = NO;
				MTL_FAST_MATH = YES;
				SDKROOT = iphoneos;
				SWIFT_COMPILATION_MODE = wholemodule;
				SWIFT_OPTIMIZATION_LEVEL = "-O";
				VALIDATE_PRODUCT = YES;
				VERSIONING_SYSTEM = "apple-generic";
				VERSION_INFO_PREFIX = "";
			};
			name = Release;
		};
		C52A634822F71EB900A0F7BA /* Debug */ = {
			isa = XCBuildConfiguration;
			buildSettings = {
				CLANG_ENABLE_MODULES = YES;
				CODE_SIGN_IDENTITY = "";
				CODE_SIGN_STYLE = Automatic;
				DEFINES_MODULE = YES;
				DEVELOPMENT_TEAM = HHWT4HF657;
				DYLIB_COMPATIBILITY_VERSION = 1;
				DYLIB_CURRENT_VERSION = 1;
				DYLIB_INSTALL_NAME_BASE = "@rpath";
				INFOPLIST_FILE = "$(SRCROOT)/Sources/DependentMap/Info.plist";
				INSTALL_PATH = "$(LOCAL_LIBRARY_DIR)/Frameworks";
				IPHONEOS_DEPLOYMENT_TARGET = 11.0;
				LD_RUNPATH_SEARCH_PATHS = (
					"$(inherited)",
					"@executable_path/Frameworks",
					"@loader_path/Frameworks",
				);
				PRODUCT_BUNDLE_IDENTIFIER = com.anodizedsoftware.DependentMap;
				PRODUCT_NAME = "$(TARGET_NAME:c99extidentifier)";
				SKIP_INSTALL = YES;
				SWIFT_OPTIMIZATION_LEVEL = "-Onone";
				SWIFT_VERSION = 5.0;
				TARGETED_DEVICE_FAMILY = "1,2";
			};
			name = Debug;
		};
		C52A634922F71EB900A0F7BA /* Release */ = {
			isa = XCBuildConfiguration;
			buildSettings = {
				CLANG_ENABLE_MODULES = YES;
				CODE_SIGN_IDENTITY = "";
				CODE_SIGN_STYLE = Automatic;
				DEFINES_MODULE = YES;
				DEVELOPMENT_TEAM = HHWT4HF657;
				DYLIB_COMPATIBILITY_VERSION = 1;
				DYLIB_CURRENT_VERSION = 1;
				DYLIB_INSTALL_NAME_BASE = "@rpath";
				INFOPLIST_FILE = "$(SRCROOT)/Sources/DependentMap/Info.plist";
				INSTALL_PATH = "$(LOCAL_LIBRARY_DIR)/Frameworks";
				IPHONEOS_DEPLOYMENT_TARGET = 11.0;
				LD_RUNPATH_SEARCH_PATHS = (
					"$(inherited)",
					"@executable_path/Frameworks",
					"@loader_path/Frameworks",
				);
				PRODUCT_BUNDLE_IDENTIFIER = com.anodizedsoftware.DependentMap;
				PRODUCT_NAME = "$(TARGET_NAME:c99extidentifier)";
				SKIP_INSTALL = YES;
				SWIFT_VERSION = 5.0;
				TARGETED_DEVICE_FAMILY = "1,2";
			};
			name = Release;
		};
		C52A634B22F71EB900A0F7BA /* Debug */ = {
			isa = XCBuildConfiguration;
			buildSettings = {
				ALWAYS_EMBED_SWIFT_STANDARD_LIBRARIES = YES;
				CODE_SIGN_STYLE = Automatic;
				DEVELOPMENT_TEAM = HHWT4HF657;
				INFOPLIST_FILE = "$(SRCROOT)/Tests/DependentMapTests/Info.plist";
				LD_RUNPATH_SEARCH_PATHS = (
					"$(inherited)",
					"@executable_path/Frameworks",
					"@loader_path/Frameworks",
				);
				PRODUCT_BUNDLE_IDENTIFIER = com.anodizedsoftware.DependentMapTests;
				PRODUCT_NAME = "$(TARGET_NAME)";
				SWIFT_VERSION = 5.0;
				TARGETED_DEVICE_FAMILY = "1,2";
			};
			name = Debug;
		};
		C52A634C22F71EB900A0F7BA /* Release */ = {
			isa = XCBuildConfiguration;
			buildSettings = {
				ALWAYS_EMBED_SWIFT_STANDARD_LIBRARIES = YES;
				CODE_SIGN_STYLE = Automatic;
				DEVELOPMENT_TEAM = HHWT4HF657;
				INFOPLIST_FILE = "$(SRCROOT)/Tests/DependentMapTests/Info.plist";
				LD_RUNPATH_SEARCH_PATHS = (
					"$(inherited)",
					"@executable_path/Frameworks",
					"@loader_path/Frameworks",
				);
				PRODUCT_BUNDLE_IDENTIFIER = com.anodizedsoftware.DependentMapTests;
				PRODUCT_NAME = "$(TARGET_NAME)";
				SWIFT_VERSION = 5.0;
				TARGETED_DEVICE_FAMILY = "1,2";
			};
			name = Release;
		};
		C52A636422F71F7900A0F7BA /* Debug */ = {
			isa = XCBuildConfiguration;
			buildSettings = {
				ASSETCATALOG_COMPILER_APPICON_NAME = AppIcon;
				CODE_SIGN_STYLE = Automatic;
				DEVELOPMENT_TEAM = HHWT4HF657;
				INFOPLIST_FILE = "$(SRCROOT)/Examples/DependentMapExample/Info.plist";
				IPHONEOS_DEPLOYMENT_TARGET = 11.0;
				LD_RUNPATH_SEARCH_PATHS = (
					"$(inherited)",
					"@executable_path/Frameworks",
				);
				PRODUCT_BUNDLE_IDENTIFIER = com.anodizedsoftware.DependentMapExample;
				PRODUCT_NAME = "$(TARGET_NAME)";
				SWIFT_VERSION = 5.0;
				TARGETED_DEVICE_FAMILY = "1,2";
			};
			name = Debug;
		};
		C52A636522F71F7900A0F7BA /* Release */ = {
			isa = XCBuildConfiguration;
			buildSettings = {
				ASSETCATALOG_COMPILER_APPICON_NAME = AppIcon;
				CODE_SIGN_STYLE = Automatic;
				DEVELOPMENT_TEAM = HHWT4HF657;
				INFOPLIST_FILE = "$(SRCROOT)/Examples/DependentMapExample/Info.plist";
				IPHONEOS_DEPLOYMENT_TARGET = 11.0;
				LD_RUNPATH_SEARCH_PATHS = (
					"$(inherited)",
					"@executable_path/Frameworks",
				);
				PRODUCT_BUNDLE_IDENTIFIER = com.anodizedsoftware.DependentMapExample;
				PRODUCT_NAME = "$(TARGET_NAME)";
				SWIFT_VERSION = 5.0;
				TARGETED_DEVICE_FAMILY = "1,2";
			};
			name = Release;
		};
/* End XCBuildConfiguration section */

/* Begin XCConfigurationList section */
		C52A632D22F71EB900A0F7BA /* Build configuration list for PBXProject "DependentMap" */ = {
			isa = XCConfigurationList;
			buildConfigurations = (
				C52A634522F71EB900A0F7BA /* Debug */,
				C52A634622F71EB900A0F7BA /* Release */,
			);
			defaultConfigurationIsVisible = 0;
			defaultConfigurationName = Release;
		};
		C52A634722F71EB900A0F7BA /* Build configuration list for PBXNativeTarget "DependentMap" */ = {
			isa = XCConfigurationList;
			buildConfigurations = (
				C52A634822F71EB900A0F7BA /* Debug */,
				C52A634922F71EB900A0F7BA /* Release */,
			);
			defaultConfigurationIsVisible = 0;
			defaultConfigurationName = Release;
		};
		C52A634A22F71EB900A0F7BA /* Build configuration list for PBXNativeTarget "DependentMapTests" */ = {
			isa = XCConfigurationList;
			buildConfigurations = (
				C52A634B22F71EB900A0F7BA /* Debug */,
				C52A634C22F71EB900A0F7BA /* Release */,
			);
			defaultConfigurationIsVisible = 0;
			defaultConfigurationName = Release;
		};
		C52A636322F71F7900A0F7BA /* Build configuration list for PBXNativeTarget "DependentMapExample" */ = {
			isa = XCConfigurationList;
			buildConfigurations = (
				C52A636422F71F7900A0F7BA /* Debug */,
				C52A636522F71F7900A0F7BA /* Release */,
			);
			defaultConfigurationIsVisible = 0;
			defaultConfigurationName = Release;
		};
/* End XCConfigurationList section */
	};
	rootObject = C52A632A22F71EB900A0F7BA /* Project object */;
}
